# Generated by buf. DO NOT EDIT.
version: v1
deps:
  - remote: buf.build
    owner: bufbuild
    repository: protovalidate
    commit: 3014d81c3a48461dbcc5b57536699f9e
    digest: shake256:6b40454a0754bf624c8fc965f3576bd26bf72a480c554514672d2fac887f420c82d68cf50d40f5a77d8b6e96dda87e395aeedae84d513dde7c4bfd4d95f5657a
  - remote: buf.build
    owner: googleapis
    repository: googleapis
    commit: 7e6f6e774e29406da95bd61cdcdbc8bc
    digest: shake256:fe43dd2265ea0c07d76bd925eeba612667cf4c948d2ce53d6e367e1b4b3cb5fa69a51e6acb1a6a50d32f894f054a35e6c0406f6808a483f2752e10c866ffbf73
  - remote: buf.build
    owner: ride
    repository: driver
    commit: 32d65fcb4c5c47229c706fdddc439bc7
    digest: shake256:8a736a748eb6f58e24b4ef322bfabf844e5929e0f0e87de44295ea0753e66adae68a824b6321f64a2018471b2d3ef1f4ee91ed3294dc24698a856fcb912a7ab8
